
Microsoft Visual Studio Solution File, Format Version 12.00
# Visual Studio Version 17
VisualStudioVersion = 17.4.33213.308
MinimumVisualStudioVersion = 10.0.40219.1
Project("{9A19103F-16F7-4668-BE54-9A1E7A4F7556}") = "PSCerts", "PSCerts\PSCerts.csproj", "{8D44E880-8447-401E-8911-F17BA0FCD143}"
EndProject
Project("{9A19103F-16F7-4668-BE54-9A1E7A4F7556}") = "PSCerts.Tests", "PSCerts.Tests\PSCerts.Tests.csproj", "{736F900F-1326-4F63-8D8E-39C89909E305}"
EndProject
Project("{2150E333-8FDC-42A3-9474-1A3956D46DE8}") = "Scripts", "Scripts", "{AE13B495-6A2B-4E13-AB14-E409D06E256B}"
	ProjectSection(SolutionItems) = preProject
		Scripts\build.ps1 = Scripts\build.ps1
		scripts\publish.ps1 = scripts\publish.ps1
		Scripts\test.ps1 = Scripts\test.ps1
	EndProjectSection
EndProject
Project("{2150E333-8FDC-42A3-9474-1A3956D46DE8}") = "Solution Items", "Solution Items", "{1D4246CE-A379-4DEB-A683-E52958108EBC}"
	ProjectSection(SolutionItems) = preProject
		..\.editorconfig = ..\.editorconfig
		..\.gitignore = ..\.gitignore
		..\CHANGELOG.md = ..\CHANGELOG.md
		..\LICENSE = ..\LICENSE
	EndProjectSection
EndProject
Global
	GlobalSection(SolutionConfigurationPlatforms) = preSolution
		Debug|Any CPU = Debug|Any CPU
		Release|Any CPU = Release|Any CPU
		UnitTests|Any CPU = UnitTests|Any CPU
	EndGlobalSection
	GlobalSection(ProjectConfigurationPlatforms) = postSolution
		{8D44E880-8447-401E-8911-F17BA0FCD143}.Debug|Any CPU.ActiveCfg = Debug|Any CPU
		{8D44E880-8447-401E-8911-F17BA0FCD143}.Debug|Any CPU.Build.0 = Debug|Any CPU
		{8D44E880-8447-401E-8911-F17BA0FCD143}.Release|Any CPU.ActiveCfg = Release|Any CPU
		{8D44E880-8447-401E-8911-F17BA0FCD143}.Release|Any CPU.Build.0 = Release|Any CPU
		{8D44E880-8447-401E-8911-F17BA0FCD143}.UnitTests|Any CPU.ActiveCfg = UnitTests|Any CPU
		{8D44E880-8447-401E-8911-F17BA0FCD143}.UnitTests|Any CPU.Build.0 = UnitTests|Any CPU
		{736F900F-1326-4F63-8D8E-39C89909E305}.Debug|Any CPU.ActiveCfg = Debug|Any CPU
		{736F900F-1326-4F63-8D8E-39C89909E305}.Release|Any CPU.ActiveCfg = Release|Any CPU
		{736F900F-1326-4F63-8D8E-39C89909E305}.UnitTests|Any CPU.ActiveCfg = UnitTests|Any CPU
		{736F900F-1326-4F63-8D8E-39C89909E305}.UnitTests|Any CPU.Build.0 = UnitTests|Any CPU
	EndGlobalSection
	GlobalSection(SolutionProperties) = preSolution
		HideSolutionNode = FALSE
	EndGlobalSection
	GlobalSection(ExtensibilityGlobals) = postSolution
		SolutionGuid = {4BADC04D-A440-42A5-90CA-6F21EE7A4A66}
	EndGlobalSection
EndGlobal
